
Microsoft Visual Studio Solution File, Format Version 12.00
# Visual Studio Version 16
VisualStudioVersion = 16.0.30225.117
MinimumVisualStudioVersion = 10.0.40219.1
Project("{FAE04EC0-301F-11D3-BF4B-00C04F79EFBC}") = "PMC-Desktop", "PMC-Desktop.csproj", "{E7C1667A-FF59-4E8D-8247-E6436337F9DD}"
EndProject
Global
	GlobalSection(SolutionConfigurationPlatforms) = preSolution
		Debug|Any CPU = Debug|Any CPU
		Release|Any CPU = Release|Any CPU
	EndGlobalSection
	GlobalSection(ProjectConfigurationPlatforms) = postSolution
		{E7C1667A-FF59-4E8D-8247-E6436337F9DD}.Debug|Any CPU.ActiveCfg = Release|Any CPU
		{E7C1667A-FF59-4E8D-8247-E6436337F9DD}.Debug|Any CPU.Build.0 = Release|Any CPU
		{E7C1667A-FF59-4E8D-8247-E6436337F9DD}.Release|Any CPU.ActiveCfg = Release|Any CPU
		{E7C1667A-FF59-4E8D-8247-E6436337F9DD}.Release|Any CPU.Build.0 = Release|Any CPU
	EndGlobalSection
	GlobalSection(SolutionProperties) = preSolution
		HideSolutionNode = FALSE
	EndGlobalSection
	GlobalSection(ExtensibilityGlobals) = postSolution
		SolutionGuid = {E680BF26-BE31-4596-BE21-84A3164809B4}
	EndGlobalSection
EndGlobal
